
Microsoft Visual Studio Solution File, Format Version 12.00
# Visual Studio Version 16
VisualStudioVersion = 16.0.31624.102
MinimumVisualStudioVersion = 10.0.40219.1
Project("{9A19103F-16F7-4668-BE54-9A1E7A4F7556}") = "ArGeTesvikTool.WebUI", "ArGeTesvikTool.WebUI\ArGeTesvikTool.WebUI.csproj", "{72DAFA61-B289-4B96-A467-AD8191D0D4F2}"
EndProject
Project("{9A19103F-16F7-4668-BE54-9A1E7A4F7556}") = "ArGeTesvikTool.Business", "ArGeTesvikTool.Business\ArGeTesvikTool.Business.csproj", "{309A441E-E653-414F-B3B2-4D82BEE9937D}"
EndProject
Project("{9A19103F-16F7-4668-BE54-9A1E7A4F7556}") = "ArGeTesvikTool.Core", "ArGeTesvikTool.Core\ArGeTesvikTool.Core.csproj", "{A705CF4D-E2F0-43D4-8DF7-B576078BFA4D}"
EndProject
Project("{9A19103F-16F7-4668-BE54-9A1E7A4F7556}") = "ArGeTesvikTool.DataAccess", "ArGeTesvikTool.DataAccess\ArGeTesvikTool.DataAccess.csproj", "{C304B4AC-4DD5-4031-A1C9-A3AADB1001FC}"
EndProject
Project("{9A19103F-16F7-4668-BE54-9A1E7A4F7556}") = "ArGeTesvikTool.Entities", "ArGeTesvikTool.Entities\ArGeTesvikTool.Entities.csproj", "{67554153-C52A-4617-8B86-9D11626010B2}"
EndProject
Global
	GlobalSection(SolutionConfigurationPlatforms) = preSolution
		Debug|Any CPU = Debug|Any CPU
		Release|Any CPU = Release|Any CPU
	EndGlobalSection
	GlobalSection(ProjectConfigurationPlatforms) = postSolution
		{72DAFA61-B289-4B96-A467-AD8191D0D4F2}.Debug|Any CPU.ActiveCfg = Debug|Any CPU
		{72DAFA61-B289-4B96-A467-AD8191D0D4F2}.Debug|Any CPU.Build.0 = Debug|Any CPU
		{72DAFA61-B289-4B96-A467-AD8191D0D4F2}.Release|Any CPU.ActiveCfg = Release|Any CPU
		{72DAFA61-B289-4B96-A467-AD8191D0D4F2}.Release|Any CPU.Build.0 = Release|Any CPU
		{309A441E-E653-414F-B3B2-4D82BEE9937D}.Debug|Any CPU.ActiveCfg = Debug|Any CPU
		{309A441E-E653-414F-B3B2-4D82BEE9937D}.Debug|Any CPU.Build.0 = Debug|Any CPU
		{309A441E-E653-414F-B3B2-4D82BEE9937D}.Release|Any CPU.ActiveCfg = Release|Any CPU
		{309A441E-E653-414F-B3B2-4D82BEE9937D}.Release|Any CPU.Build.0 = Release|Any CPU
		{A705CF4D-E2F0-43D4-8DF7-B576078BFA4D}.Debug|Any CPU.ActiveCfg = Debug|Any CPU
		{A705CF4D-E2F0-43D4-8DF7-B576078BFA4D}.Debug|Any CPU.Build.0 = Debug|Any CPU
		{A705CF4D-E2F0-43D4-8DF7-B576078BFA4D}.Release|Any CPU.ActiveCfg = Release|Any CPU
		{A705CF4D-E2F0-43D4-8DF7-B576078BFA4D}.Release|Any CPU.Build.0 = Release|Any CPU
		{C304B4AC-4DD5-4031-A1C9-A3AADB1001FC}.Debug|Any CPU.ActiveCfg = Debug|Any CPU
		{C304B4AC-4DD5-4031-A1C9-A3AADB1001FC}.Debug|Any CPU.Build.0 = Debug|Any CPU
		{C304B4AC-4DD5-4031-A1C9-A3AADB1001FC}.Release|Any CPU.ActiveCfg = Release|Any CPU
		{C304B4AC-4DD5-4031-A1C9-A3AADB1001FC}.Release|Any CPU.Build.0 = Release|Any CPU
		{67554153-C52A-4617-8B86-9D11626010B2}.Debug|Any CPU.ActiveCfg = Debug|Any CPU
		{67554153-C52A-4617-8B86-9D11626010B2}.Debug|Any CPU.Build.0 = Debug|Any CPU
		{67554153-C52A-4617-8B86-9D11626010B2}.Release|Any CPU.ActiveCfg = Release|Any CPU
		{67554153-C52A-4617-8B86-9D11626010B2}.Release|Any CPU.Build.0 = Release|Any CPU
	EndGlobalSection
	GlobalSection(SolutionProperties) = preSolution
		HideSolutionNode = FALSE
	EndGlobalSection
	GlobalSection(ExtensibilityGlobals) = postSolution
		SolutionGuid = {61622247-D05F-4BFF-A3B6-1135163BBD3A}
	EndGlobalSection
EndGlobal
